
Microsoft Visual Studio Solution File, Format Version 12.00
# Visual Studio Version 17
VisualStudioVersion = 17.0.31903.59
MinimumVisualStudioVersion = 10.0.40219.1
Project("{2150E333-8FDC-42A3-9474-1A3956D46DE8}") = "src", "src", "{683DABA7-7AF2-4CAF-A16A-67660F278D97}"
EndProject
Project("{FAE04EC0-301F-11D3-BF4B-00C04F79EFBC}") = "StreamingZipReader", "src\StreamingZipReader\StreamingZipReader.csproj", "{D7910E2B-1C51-4BD2-B32A-5D0338819A08}"
EndProject
Project("{2150E333-8FDC-42A3-9474-1A3956D46DE8}") = "test", "test", "{E7CDD17E-CAB9-420E-B937-04715FA3385B}"
EndProject
Project("{FAE04EC0-301F-11D3-BF4B-00C04F79EFBC}") = "StreamingZipReader.UnitTests", "test\StreamingZipReader.UnitTests\StreamingZipReader.UnitTests.csproj", "{EC59624B-4813-4CB8-A24C-88C41272F2C6}"
EndProject
Global
	GlobalSection(SolutionConfigurationPlatforms) = preSolution
		Debug|Any CPU = Debug|Any CPU
		Release|Any CPU = Release|Any CPU
	EndGlobalSection
	GlobalSection(SolutionProperties) = preSolution
		HideSolutionNode = FALSE
	EndGlobalSection
	GlobalSection(ProjectConfigurationPlatforms) = postSolution
		{D7910E2B-1C51-4BD2-B32A-5D0338819A08}.Debug|Any CPU.ActiveCfg = Debug|Any CPU
		{D7910E2B-1C51-4BD2-B32A-5D0338819A08}.Debug|Any CPU.Build.0 = Debug|Any CPU
		{D7910E2B-1C51-4BD2-B32A-5D0338819A08}.Release|Any CPU.ActiveCfg = Release|Any CPU
		{D7910E2B-1C51-4BD2-B32A-5D0338819A08}.Release|Any CPU.Build.0 = Release|Any CPU
		{EC59624B-4813-4CB8-A24C-88C41272F2C6}.Debug|Any CPU.ActiveCfg = Debug|Any CPU
		{EC59624B-4813-4CB8-A24C-88C41272F2C6}.Debug|Any CPU.Build.0 = Debug|Any CPU
		{EC59624B-4813-4CB8-A24C-88C41272F2C6}.Release|Any CPU.ActiveCfg = Release|Any CPU
		{EC59624B-4813-4CB8-A24C-88C41272F2C6}.Release|Any CPU.Build.0 = Release|Any CPU
	EndGlobalSection
	GlobalSection(NestedProjects) = preSolution
		{D7910E2B-1C51-4BD2-B32A-5D0338819A08} = {683DABA7-7AF2-4CAF-A16A-67660F278D97}
		{EC59624B-4813-4CB8-A24C-88C41272F2C6} = {E7CDD17E-CAB9-420E-B937-04715FA3385B}
	EndGlobalSection
EndGlobal
